
Microsoft Visual Studio Solution File, Format Version 12.00
# Visual Studio Version 16
VisualStudioVersion = 16.0.31613.86
MinimumVisualStudioVersion = 10.0.40219.1
Project("{9A19103F-16F7-4668-BE54-9A1E7A4F7556}") = "ActivityManager", "ActivityManager\ActivityManager.csproj", "{3E8D1012-8712-4954-AFFA-4AEB4CC9513E}"
EndProject
Project("{9A19103F-16F7-4668-BE54-9A1E7A4F7556}") = "VCore.WPF", "..\CustomLibraries\VCore\VCore.WPF.csproj", "{75997D7E-33FB-4036-AEE2-6495B114E82D}"
EndProject
Project("{9A19103F-16F7-4668-BE54-9A1E7A4F7556}") = "VCore.Standard", "..\CustomLibraries\VCore.Standard\VCore.Standard.csproj", "{99F5BD92-0D78-479A-A16E-86D149B3503F}"
EndProject
Project("{2150E333-8FDC-42A3-9474-1A3956D46DE8}") = "99.Common", "99.Common", "{329EF62F-5859-458E-822E-415F55200ED1}"
EndProject
Project("{2150E333-8FDC-42A3-9474-1A3956D46DE8}") = "01.Client", "01.Client", "{1D17CD78-7A2C-429E-9D46-8E809DE39A66}"
EndProject
Project("{9A19103F-16F7-4668-BE54-9A1E7A4F7556}") = "VPlayer.DarkTheme", "..\VPlayer\VPlayer.DarkTheme\VPlayer.DarkTheme.csproj", "{DB45469B-B380-48C6-B620-BE09D52F8936}"
EndProject
Project("{9A19103F-16F7-4668-BE54-9A1E7A4F7556}") = "Logger", "..\CustomLibraries\Logger\Logger.csproj", "{C7814097-1466-4E18-995E-298F649AE00C}"
EndProject
Project("{2150E333-8FDC-42A3-9474-1A3956D46DE8}") = "02.Domain", "02.Domain", "{F4896E4A-C1E6-4583-A2F1-72657FB1D557}"
EndProject
Project("{9A19103F-16F7-4668-BE54-9A1E7A4F7556}") = "ActivityManager.Domain", "ActivityManager.Domain\ActivityManager.Domain.csproj", "{2B2A0470-B840-4470-B6DD-B2FFCF677604}"
EndProject
Project("{9A19103F-16F7-4668-BE54-9A1E7A4F7556}") = "DomainCore", "..\CustomLibraries\DomainCore\DomainCore.csproj", "{C96A1BD7-8BCC-4753-9321-443B6E2D28F4}"
EndProject
Project("{2150E333-8FDC-42A3-9474-1A3956D46DE8}") = "03.Core", "03.Core", "{4B00D093-8837-4CC2-BAA6-BC9506AC2569}"
EndProject
Project("{9A19103F-16F7-4668-BE54-9A1E7A4F7556}") = "ActivityManager.Core", "ActivityManager.Core\ActivityManager.Core.csproj", "{F6BC42F5-94F4-4855-BB5C-A16A00E6A818}"
EndProject
Project("{9A19103F-16F7-4668-BE54-9A1E7A4F7556}") = "PCloudClient", "..\CustomLibraries\Custom\PCloudClient\PCloudClient.csproj", "{AE52772B-D739-4D80-9372-F37AD79F9F49}"
EndProject
Global
	GlobalSection(SolutionConfigurationPlatforms) = preSolution
		Debug|Any CPU = Debug|Any CPU
		Debug|x64 = Debug|x64
		Debug|x86 = Debug|x86
		Release|Any CPU = Release|Any CPU
		Release|x64 = Release|x64
		Release|x86 = Release|x86
	EndGlobalSection
	GlobalSection(ProjectConfigurationPlatforms) = postSolution
		{3E8D1012-8712-4954-AFFA-4AEB4CC9513E}.Debug|Any CPU.ActiveCfg = Debug|Any CPU
		{3E8D1012-8712-4954-AFFA-4AEB4CC9513E}.Debug|Any CPU.Build.0 = Debug|Any CPU
		{3E8D1012-8712-4954-AFFA-4AEB4CC9513E}.Debug|x64.ActiveCfg = Debug|Any CPU
		{3E8D1012-8712-4954-AFFA-4AEB4CC9513E}.Debug|x64.Build.0 = Debug|Any CPU
		{3E8D1012-8712-4954-AFFA-4AEB4CC9513E}.Debug|x86.ActiveCfg = Debug|Any CPU
		{3E8D1012-8712-4954-AFFA-4AEB4CC9513E}.Debug|x86.Build.0 = Debug|Any CPU
		{3E8D1012-8712-4954-AFFA-4AEB4CC9513E}.Release|Any CPU.ActiveCfg = Release|Any CPU
		{3E8D1012-8712-4954-AFFA-4AEB4CC9513E}.Release|Any CPU.Build.0 = Release|Any CPU
		{3E8D1012-8712-4954-AFFA-4AEB4CC9513E}.Release|x64.ActiveCfg = Release|Any CPU
		{3E8D1012-8712-4954-AFFA-4AEB4CC9513E}.Release|x64.Build.0 = Release|Any CPU
		{3E8D1012-8712-4954-AFFA-4AEB4CC9513E}.Release|x86.ActiveCfg = Release|Any CPU
		{3E8D1012-8712-4954-AFFA-4AEB4CC9513E}.Release|x86.Build.0 = Release|Any CPU
		{75997D7E-33FB-4036-AEE2-6495B114E82D}.Debug|Any CPU.ActiveCfg = Debug|Any CPU
		{75997D7E-33FB-4036-AEE2-6495B114E82D}.Debug|Any CPU.Build.0 = Debug|Any CPU
		{75997D7E-33FB-4036-AEE2-6495B114E82D}.Debug|x64.ActiveCfg = Debug|x64
		{75997D7E-33FB-4036-AEE2-6495B114E82D}.Debug|x64.Build.0 = Debug|x64
		{75997D7E-33FB-4036-AEE2-6495B114E82D}.Debug|x86.ActiveCfg = Debug|x86
		{75997D7E-33FB-4036-AEE2-6495B114E82D}.Debug|x86.Build.0 = Debug|x86
		{75997D7E-33FB-4036-AEE2-6495B114E82D}.Release|Any CPU.ActiveCfg = Release|Any CPU
		{75997D7E-33FB-4036-AEE2-6495B114E82D}.Release|Any CPU.Build.0 = Release|Any CPU
		{75997D7E-33FB-4036-AEE2-6495B114E82D}.Release|x64.ActiveCfg = Release|x64
		{75997D7E-33FB-4036-AEE2-6495B114E82D}.Release|x64.Build.0 = Release|x64
		{75997D7E-33FB-4036-AEE2-6495B114E82D}.Release|x86.ActiveCfg = Release|x86
		{75997D7E-33FB-4036-AEE2-6495B114E82D}.Release|x86.Build.0 = Release|x86
		{99F5BD92-0D78-479A-A16E-86D149B3503F}.Debug|Any CPU.ActiveCfg = Debug|Any CPU
		{99F5BD92-0D78-479A-A16E-86D149B3503F}.Debug|Any CPU.Build.0 = Debug|Any CPU
		{99F5BD92-0D78-479A-A16E-86D149B3503F}.Debug|x64.ActiveCfg = Debug|Any CPU
		{99F5BD92-0D78-479A-A16E-86D149B3503F}.Debug|x64.Build.0 = Debug|Any CPU
		{99F5BD92-0D78-479A-A16E-86D149B3503F}.Debug|x86.ActiveCfg = Debug|x86
		{99F5BD92-0D78-479A-A16E-86D149B3503F}.Debug|x86.Build.0 = Debug|x86
		{99F5BD92-0D78-479A-A16E-86D149B3503F}.Release|Any CPU.ActiveCfg = Release|Any CPU
		{99F5BD92-0D78-479A-A16E-86D149B3503F}.Release|Any CPU.Build.0 = Release|Any CPU
		{99F5BD92-0D78-479A-A16E-86D149B3503F}.Release|x64.ActiveCfg = Release|Any CPU
		{99F5BD92-0D78-479A-A16E-86D149B3503F}.Release|x64.Build.0 = Release|Any CPU
		{99F5BD92-0D78-479A-A16E-86D149B3503F}.Release|x86.ActiveCfg = Release|x86
		{99F5BD92-0D78-479A-A16E-86D149B3503F}.Release|x86.Build.0 = Release|x86
		{DB45469B-B380-48C6-B620-BE09D52F8936}.Debug|Any CPU.ActiveCfg = Debug|Any CPU
		{DB45469B-B380-48C6-B620-BE09D52F8936}.Debug|Any CPU.Build.0 = Debug|Any CPU
		{DB45469B-B380-48C6-B620-BE09D52F8936}.Debug|x64.ActiveCfg = Debug|Any CPU
		{DB45469B-B380-48C6-B620-BE09D52F8936}.Debug|x64.Build.0 = Debug|Any CPU
		{DB45469B-B380-48C6-B620-BE09D52F8936}.Debug|x86.ActiveCfg = Debug|Any CPU
		{DB45469B-B380-48C6-B620-BE09D52F8936}.Debug|x86.Build.0 = Debug|Any CPU
		{DB45469B-B380-48C6-B620-BE09D52F8936}.Release|Any CPU.ActiveCfg = Release|Any CPU
		{DB45469B-B380-48C6-B620-BE09D52F8936}.Release|Any CPU.Build.0 = Release|Any CPU
		{DB45469B-B380-48C6-B620-BE09D52F8936}.Release|x64.ActiveCfg = Release|Any CPU
		{DB45469B-B380-48C6-B620-BE09D52F8936}.Release|x64.Build.0 = Release|Any CPU
		{DB45469B-B380-48C6-B620-BE09D52F8936}.Release|x86.ActiveCfg = Release|Any CPU
		{DB45469B-B380-48C6-B620-BE09D52F8936}.Release|x86.Build.0 = Release|Any CPU
		{C7814097-1466-4E18-995E-298F649AE00C}.Debug|Any CPU.ActiveCfg = Debug|Any CPU
		{C7814097-1466-4E18-995E-298F649AE00C}.Debug|Any CPU.Build.0 = Debug|Any CPU
		{C7814097-1466-4E18-995E-298F649AE00C}.Debug|x64.ActiveCfg = Debug|x64
		{C7814097-1466-4E18-995E-298F649AE00C}.Debug|x64.Build.0 = Debug|x64
		{C7814097-1466-4E18-995E-298F649AE00C}.Debug|x86.ActiveCfg = Debug|x86
		{C7814097-1466-4E18-995E-298F649AE00C}.Debug|x86.Build.0 = Debug|x86
		{C7814097-1466-4E18-995E-298F649AE00C}.Release|Any CPU.ActiveCfg = Release|Any CPU
		{C7814097-1466-4E18-995E-298F649AE00C}.Release|Any CPU.Build.0 = Release|Any CPU
		{C7814097-1466-4E18-995E-298F649AE00C}.Release|x64.ActiveCfg = Release|x64
		{C7814097-1466-4E18-995E-298F649AE00C}.Release|x64.Build.0 = Release|x64
		{C7814097-1466-4E18-995E-298F649AE00C}.Release|x86.ActiveCfg = Release|x86
		{C7814097-1466-4E18-995E-298F649AE00C}.Release|x86.Build.0 = Release|x86
		{2B2A0470-B840-4470-B6DD-B2FFCF677604}.Debug|Any CPU.ActiveCfg = Debug|Any CPU
		{2B2A0470-B840-4470-B6DD-B2FFCF677604}.Debug|Any CPU.Build.0 = Debug|Any CPU
		{2B2A0470-B840-4470-B6DD-B2FFCF677604}.Debug|x64.ActiveCfg = Debug|Any CPU
		{2B2A0470-B840-4470-B6DD-B2FFCF677604}.Debug|x64.Build.0 = Debug|Any CPU
		{2B2A0470-B840-4470-B6DD-B2FFCF677604}.Debug|x86.ActiveCfg = Debug|Any CPU
		{2B2A0470-B840-4470-B6DD-B2FFCF677604}.Debug|x86.Build.0 = Debug|Any CPU
		{2B2A0470-B840-4470-B6DD-B2FFCF677604}.Release|Any CPU.ActiveCfg = Release|Any CPU
		{2B2A0470-B840-4470-B6DD-B2FFCF677604}.Release|Any CPU.Build.0 = Release|Any CPU
		{2B2A0470-B840-4470-B6DD-B2FFCF677604}.Release|x64.ActiveCfg = Release|Any CPU
		{2B2A0470-B840-4470-B6DD-B2FFCF677604}.Release|x64.Build.0 = Release|Any CPU
		{2B2A0470-B840-4470-B6DD-B2FFCF677604}.Release|x86.ActiveCfg = Release|Any CPU
		{2B2A0470-B840-4470-B6DD-B2FFCF677604}.Release|x86.Build.0 = Release|Any CPU
		{C96A1BD7-8BCC-4753-9321-443B6E2D28F4}.Debug|Any CPU.ActiveCfg = Debug|Any CPU
		{C96A1BD7-8BCC-4753-9321-443B6E2D28F4}.Debug|Any CPU.Build.0 = Debug|Any CPU
		{C96A1BD7-8BCC-4753-9321-443B6E2D28F4}.Debug|x64.ActiveCfg = Debug|x64
		{C96A1BD7-8BCC-4753-9321-443B6E2D28F4}.Debug|x64.Build.0 = Debug|x64
		{C96A1BD7-8BCC-4753-9321-443B6E2D28F4}.Debug|x86.ActiveCfg = Debug|Any CPU
		{C96A1BD7-8BCC-4753-9321-443B6E2D28F4}.Debug|x86.Build.0 = Debug|Any CPU
		{C96A1BD7-8BCC-4753-9321-443B6E2D28F4}.Release|Any CPU.ActiveCfg = Release|Any CPU
		{C96A1BD7-8BCC-4753-9321-443B6E2D28F4}.Release|Any CPU.Build.0 = Release|Any CPU
		{C96A1BD7-8BCC-4753-9321-443B6E2D28F4}.Release|x64.ActiveCfg = Release|x64
		{C96A1BD7-8BCC-4753-9321-443B6E2D28F4}.Release|x64.Build.0 = Release|x64
		{C96A1BD7-8BCC-4753-9321-443B6E2D28F4}.Release|x86.ActiveCfg = Release|Any CPU
		{C96A1BD7-8BCC-4753-9321-443B6E2D28F4}.Release|x86.Build.0 = Release|Any CPU
		{F6BC42F5-94F4-4855-BB5C-A16A00E6A818}.Debug|Any CPU.ActiveCfg = Debug|Any CPU
		{F6BC42F5-94F4-4855-BB5C-A16A00E6A818}.Debug|Any CPU.Build.0 = Debug|Any CPU
		{F6BC42F5-94F4-4855-BB5C-A16A00E6A818}.Debug|x64.ActiveCfg = Debug|Any CPU
		{F6BC42F5-94F4-4855-BB5C-A16A00E6A818}.Debug|x64.Build.0 = Debug|Any CPU
		{F6BC42F5-94F4-4855-BB5C-A16A00E6A818}.Debug|x86.ActiveCfg = Debug|Any CPU
		{F6BC42F5-94F4-4855-BB5C-A16A00E6A818}.Debug|x86.Build.0 = Debug|Any CPU
		{F6BC42F5-94F4-4855-BB5C-A16A00E6A818}.Release|Any CPU.ActiveCfg = Release|Any CPU
		{F6BC42F5-94F4-4855-BB5C-A16A00E6A818}.Release|Any CPU.Build.0 = Release|Any CPU
		{F6BC42F5-94F4-4855-BB5C-A16A00E6A818}.Release|x64.ActiveCfg = Release|Any CPU
		{F6BC42F5-94F4-4855-BB5C-A16A00E6A818}.Release|x64.Build.0 = Release|Any CPU
		{F6BC42F5-94F4-4855-BB5C-A16A00E6A818}.Release|x86.ActiveCfg = Release|Any CPU
		{F6BC42F5-94F4-4855-BB5C-A16A00E6A818}.Release|x86.Build.0 = Release|Any CPU
		{AE52772B-D739-4D80-9372-F37AD79F9F49}.Debug|Any CPU.ActiveCfg = Debug|Any CPU
		{AE52772B-D739-4D80-9372-F37AD79F9F49}.Debug|Any CPU.Build.0 = Debug|Any CPU
		{AE52772B-D739-4D80-9372-F37AD79F9F49}.Debug|x64.ActiveCfg = Debug|Any CPU
		{AE52772B-D739-4D80-9372-F37AD79F9F49}.Debug|x64.Build.0 = Debug|Any CPU
		{AE52772B-D739-4D80-9372-F37AD79F9F49}.Debug|x86.ActiveCfg = Debug|Any CPU
		{AE52772B-D739-4D80-9372-F37AD79F9F49}.Debug|x86.Build.0 = Debug|Any CPU
		{AE52772B-D739-4D80-9372-F37AD79F9F49}.Release|Any CPU.ActiveCfg = Release|Any CPU
		{AE52772B-D739-4D80-9372-F37AD79F9F49}.Release|Any CPU.Build.0 = Release|Any CPU
		{AE52772B-D739-4D80-9372-F37AD79F9F49}.Release|x64.ActiveCfg = Release|Any CPU
		{AE52772B-D739-4D80-9372-F37AD79F9F49}.Release|x64.Build.0 = Release|Any CPU
		{AE52772B-D739-4D80-9372-F37AD79F9F49}.Release|x86.ActiveCfg = Release|Any CPU
		{AE52772B-D739-4D80-9372-F37AD79F9F49}.Release|x86.Build.0 = Release|Any CPU
	EndGlobalSection
	GlobalSection(SolutionProperties) = preSolution
		HideSolutionNode = FALSE
	EndGlobalSection
	GlobalSection(NestedProjects) = preSolution
		{3E8D1012-8712-4954-AFFA-4AEB4CC9513E} = {1D17CD78-7A2C-429E-9D46-8E809DE39A66}
		{75997D7E-33FB-4036-AEE2-6495B114E82D} = {329EF62F-5859-458E-822E-415F55200ED1}
		{99F5BD92-0D78-479A-A16E-86D149B3503F} = {329EF62F-5859-458E-822E-415F55200ED1}
		{DB45469B-B380-48C6-B620-BE09D52F8936} = {329EF62F-5859-458E-822E-415F55200ED1}
		{C7814097-1466-4E18-995E-298F649AE00C} = {329EF62F-5859-458E-822E-415F55200ED1}
		{2B2A0470-B840-4470-B6DD-B2FFCF677604} = {F4896E4A-C1E6-4583-A2F1-72657FB1D557}
		{C96A1BD7-8BCC-4753-9321-443B6E2D28F4} = {329EF62F-5859-458E-822E-415F55200ED1}
		{F6BC42F5-94F4-4855-BB5C-A16A00E6A818} = {4B00D093-8837-4CC2-BAA6-BC9506AC2569}
		{AE52772B-D739-4D80-9372-F37AD79F9F49} = {329EF62F-5859-458E-822E-415F55200ED1}
	EndGlobalSection
	GlobalSection(ExtensibilityGlobals) = postSolution
		SolutionGuid = {273D1D72-71CB-4CAE-8D29-0BC7C9FF0D2F}
	EndGlobalSection
EndGlobal
